// !$*UTF8*$!
{
	archiveVersion = 1;
	classes = {
	};
	objectVersion = 48;
	objects = {

/* Begin PBXBuildFile section */
		B541E1F720586F5800DFE3FF /* WordPressAuth.framework in Frameworks */ = {isa = PBXBuildFile; fileRef = B541E1ED20586F5800DFE3FF /* WordPressAuth.framework */; };
		B541E1FC20586F5800DFE3FF /* WordPressAuthTests.swift in Sources */ = {isa = PBXBuildFile; fileRef = B541E1FB20586F5800DFE3FF /* WordPressAuthTests.swift */; };
		B541E1FE20586F5900DFE3FF /* WordPressAuth.h in Headers */ = {isa = PBXBuildFile; fileRef = B541E1F020586F5800DFE3FF /* WordPressAuth.h */; settings = {ATTRIBUTES = (Public, ); }; };
/* End PBXBuildFile section */

/* Begin PBXContainerItemProxy section */
		B541E1F820586F5800DFE3FF /* PBXContainerItemProxy */ = {
			isa = PBXContainerItemProxy;
			containerPortal = B541E1E420586F5800DFE3FF /* Project object */;
			proxyType = 1;
			remoteGlobalIDString = B541E1EC20586F5800DFE3FF;
			remoteInfo = WordPressAuth;
		};
/* End PBXContainerItemProxy section */

/* Begin PBXFileReference section */
		B541E1ED20586F5800DFE3FF /* WordPressAuth.framework */ = {isa = PBXFileReference; explicitFileType = wrapper.framework; includeInIndex = 0; path = WordPressAuth.framework; sourceTree = BUILT_PRODUCTS_DIR; };
		B541E1F020586F5800DFE3FF /* WordPressAuth.h */ = {isa = PBXFileReference; lastKnownFileType = sourcecode.c.h; path = WordPressAuth.h; sourceTree = "<group>"; };
		B541E1F120586F5800DFE3FF /* Info.plist */ = {isa = PBXFileReference; lastKnownFileType = text.plist.xml; path = Info.plist; sourceTree = "<group>"; };
		B541E1F620586F5800DFE3FF /* WordPressAuthTests.xctest */ = {isa = PBXFileReference; explicitFileType = wrapper.cfbundle; includeInIndex = 0; path = WordPressAuthTests.xctest; sourceTree = BUILT_PRODUCTS_DIR; };
		B541E1FB20586F5800DFE3FF /* WordPressAuthTests.swift */ = {isa = PBXFileReference; lastKnownFileType = sourcecode.swift; path = WordPressAuthTests.swift; sourceTree = "<group>"; };
		B541E1FD20586F5800DFE3FF /* Info.plist */ = {isa = PBXFileReference; lastKnownFileType = text.plist.xml; path = Info.plist; sourceTree = "<group>"; };
/* End PBXFileReference section */

/* Begin PBXFrameworksBuildPhase section */
		B541E1E920586F5800DFE3FF /* Frameworks */ = {
			isa = PBXFrameworksBuildPhase;
			buildActionMask = 2147483647;
			files = (
			);
			runOnlyForDeploymentPostprocessing = 0;
		};
		B541E1F320586F5800DFE3FF /* Frameworks */ = {
			isa = PBXFrameworksBuildPhase;
			buildActionMask = 2147483647;
			files = (
				B541E1F720586F5800DFE3FF /* WordPressAuth.framework in Frameworks */,
			);
			runOnlyForDeploymentPostprocessing = 0;
		};
/* End PBXFrameworksBuildPhase section */

/* Begin PBXGroup section */
		B541E1E320586F5800DFE3FF = {
			isa = PBXGroup;
			children = (
				B541E1EF20586F5800DFE3FF /* WordPressAuth */,
				B541E1FA20586F5800DFE3FF /* WordPressAuthTests */,
				B541E1EE20586F5800DFE3FF /* Products */,
			);
			sourceTree = "<group>";
		};
		B541E1EE20586F5800DFE3FF /* Products */ = {
			isa = PBXGroup;
			children = (
				B541E1ED20586F5800DFE3FF /* WordPressAuth.framework */,
				B541E1F620586F5800DFE3FF /* WordPressAuthTests.xctest */,
			);
			name = Products;
			sourceTree = "<group>";
		};
		B541E1EF20586F5800DFE3FF /* WordPressAuth */ = {
			isa = PBXGroup;
			children = (
				B541E1F020586F5800DFE3FF /* WordPressAuth.h */,
				B541E1F120586F5800DFE3FF /* Info.plist */,
			);
			path = WordPressAuth;
			sourceTree = "<group>";
		};
		B541E1FA20586F5800DFE3FF /* WordPressAuthTests */ = {
			isa = PBXGroup;
			children = (
				B541E1FB20586F5800DFE3FF /* WordPressAuthTests.swift */,
				B541E1FD20586F5800DFE3FF /* Info.plist */,
			);
			path = WordPressAuthTests;
			sourceTree = "<group>";
		};
/* End PBXGroup section */

/* Begin PBXHeadersBuildPhase section */
		B541E1EA20586F5800DFE3FF /* Headers */ = {
			isa = PBXHeadersBuildPhase;
			buildActionMask = 2147483647;
			files = (
				B541E1FE20586F5900DFE3FF /* WordPressAuth.h in Headers */,
			);
			runOnlyForDeploymentPostprocessing = 0;
		};
/* End PBXHeadersBuildPhase section */

/* Begin PBXNativeTarget section */
		B541E1EC20586F5800DFE3FF /* WordPressAuth */ = {
			isa = PBXNativeTarget;
			buildConfigurationList = B541E20120586F5900DFE3FF /* Build configuration list for PBXNativeTarget "WordPressAuth" */;
			buildPhases = (
				B541E1E820586F5800DFE3FF /* Sources */,
				B541E1E920586F5800DFE3FF /* Frameworks */,
				B541E1EA20586F5800DFE3FF /* Headers */,
				B541E1EB20586F5800DFE3FF /* Resources */,
			);
			buildRules = (
			);
			dependencies = (
			);
			name = WordPressAuth;
			productName = WordPressAuth;
			productReference = B541E1ED20586F5800DFE3FF /* WordPressAuth.framework */;
			productType = "com.apple.product-type.framework";
		};
		B541E1F520586F5800DFE3FF /* WordPressAuthTests */ = {
			isa = PBXNativeTarget;
			buildConfigurationList = B541E20420586F5900DFE3FF /* Build configuration list for PBXNativeTarget "WordPressAuthTests" */;
			buildPhases = (
				B541E1F220586F5800DFE3FF /* Sources */,
				B541E1F320586F5800DFE3FF /* Frameworks */,
				B541E1F420586F5800DFE3FF /* Resources */,
			);
			buildRules = (
			);
			dependencies = (
				B541E1F920586F5800DFE3FF /* PBXTargetDependency */,
			);
			name = WordPressAuthTests;
			productName = WordPressAuthTests;
			productReference = B541E1F620586F5800DFE3FF /* WordPressAuthTests.xctest */;
			productType = "com.apple.product-type.bundle.unit-test";
		};
/* End PBXNativeTarget section */

/* Begin PBXProject section */
		B541E1E420586F5800DFE3FF /* Project object */ = {
			isa = PBXProject;
			attributes = {
				LastSwiftUpdateCheck = 0920;
				LastUpgradeCheck = 0920;
				ORGANIZATIONNAME = Automattic;
				TargetAttributes = {
					B541E1EC20586F5800DFE3FF = {
						CreatedOnToolsVersion = 9.2;
						ProvisioningStyle = Automatic;
					};
					B541E1F520586F5800DFE3FF = {
						CreatedOnToolsVersion = 9.2;
						ProvisioningStyle = Automatic;
					};
				};
			};
			buildConfigurationList = B541E1E720586F5800DFE3FF /* Build configuration list for PBXProject "WordPressAuth" */;
			compatibilityVersion = "Xcode 8.0";
			developmentRegion = en;
			hasScannedForEncodings = 0;
			knownRegions = (
				en,
			);
			mainGroup = B541E1E320586F5800DFE3FF;
			productRefGroup = B541E1EE20586F5800DFE3FF /* Products */;
			projectDirPath = "";
			projectRoot = "";
			targets = (
				B541E1EC20586F5800DFE3FF /* WordPressAuth */,
				B541E1F520586F5800DFE3FF /* WordPressAuthTests */,
			);
		};
/* End PBXProject section */

/* Begin PBXResourcesBuildPhase section */
		B541E1EB20586F5800DFE3FF /* Resources */ = {
			isa = PBXResourcesBuildPhase;
			buildActionMask = 2147483647;
			files = (
			);
			runOnlyForDeploymentPostprocessing = 0;
		};
		B541E1F420586F5800DFE3FF /* Resources */ = {
			isa = PBXResourcesBuildPhase;
			buildActionMask = 2147483647;
			files = (
			);
			runOnlyForDeploymentPostprocessing = 0;
		};
/* End PBXResourcesBuildPhase section */

/* Begin PBXSourcesBuildPhase section */
		B541E1E820586F5800DFE3FF /* Sources */ = {
			isa = PBXSourcesBuildPhase;
			buildActionMask = 2147483647;
			files = (
			);
			runOnlyForDeploymentPostprocessing = 0;
		};
		B541E1F220586F5800DFE3FF /* Sources */ = {
			isa = PBXSourcesBuildPhase;
			buildActionMask = 2147483647;
			files = (
				B541E1FC20586F5800DFE3FF /* WordPressAuthTests.swift in Sources */,
			);
			runOnlyForDeploymentPostprocessing = 0;
		};
/* End PBXSourcesBuildPhase section */

/* Begin PBXTargetDependency section */
		B541E1F920586F5800DFE3FF /* PBXTargetDependency */ = {
			isa = PBXTargetDependency;
			target = B541E1EC20586F5800DFE3FF /* WordPressAuth */;
			targetProxy = B541E1F820586F5800DFE3FF /* PBXContainerItemProxy */;
		};
/* End PBXTargetDependency section */

/* Begin XCBuildConfiguration section */
		B541E1FF20586F5900DFE3FF /* Debug */ = {
			isa = XCBuildConfiguration;
			buildSettings = {
				ALWAYS_SEARCH_USER_PATHS = NO;
				CLANG_ANALYZER_NONNULL = YES;
				CLANG_ANALYZER_NUMBER_OBJECT_CONVERSION = YES_AGGRESSIVE;
				CLANG_CXX_LANGUAGE_STANDARD = "gnu++14";
				CLANG_CXX_LIBRARY = "libc++";
				CLANG_ENABLE_MODULES = YES;
				CLANG_ENABLE_OBJC_ARC = YES;
				CLANG_WARN_BLOCK_CAPTURE_AUTORELEASING = YES;
				CLANG_WARN_BOOL_CONVERSION = YES;
				CLANG_WARN_COMMA = YES;
				CLANG_WARN_CONSTANT_CONVERSION = YES;
				CLANG_WARN_DIRECT_OBJC_ISA_USAGE = YES_ERROR;
				CLANG_WARN_DOCUMENTATION_COMMENTS = YES;
				CLANG_WARN_EMPTY_BODY = YES;
				CLANG_WARN_ENUM_CONVERSION = YES;
				CLANG_WARN_INFINITE_RECURSION = YES;
				CLANG_WARN_INT_CONVERSION = YES;
				CLANG_WARN_NON_LITERAL_NULL_CONVERSION = YES;
				CLANG_WARN_OBJC_LITERAL_CONVERSION = YES;
				CLANG_WARN_OBJC_ROOT_CLASS = YES_ERROR;
				CLANG_WARN_RANGE_LOOP_ANALYSIS = YES;
				CLANG_WARN_STRICT_PROTOTYPES = YES;
				CLANG_WARN_SUSPICIOUS_MOVE = YES;
				CLANG_WARN_UNGUARDED_AVAILABILITY = YES_AGGRESSIVE;
				CLANG_WARN_UNREACHABLE_CODE = YES;
				CLANG_WARN__DUPLICATE_METHOD_MATCH = YES;
				CODE_SIGN_IDENTITY = "iPhone Developer";
				COPY_PHASE_STRIP = NO;
				CURRENT_PROJECT_VERSION = 1;
				DEBUG_INFORMATION_FORMAT = dwarf;
				ENABLE_STRICT_OBJC_MSGSEND = YES;
				ENABLE_TESTABILITY = YES;
				GCC_C_LANGUAGE_STANDARD = gnu11;
				GCC_DYNAMIC_NO_PIC = NO;
				GCC_NO_COMMON_BLOCKS = YES;
				GCC_OPTIMIZATION_LEVEL = 0;
				GCC_PREPROCESSOR_DEFINITIONS = (
					"DEBUG=1",
					"$(inherited)",
				);
				GCC_WARN_64_TO_32_BIT_CONVERSION = YES;
				GCC_WARN_ABOUT_RETURN_TYPE = YES_ERROR;
				GCC_WARN_UNDECLARED_SELECTOR = YES;
				GCC_WARN_UNINITIALIZED_AUTOS = YES_AGGRESSIVE;
				GCC_WARN_UNUSED_FUNCTION = YES;
				GCC_WARN_UNUSED_VARIABLE = YES;
				IPHONEOS_DEPLOYMENT_TARGET = 11.2;
				MTL_ENABLE_DEBUG_INFO = YES;
				ONLY_ACTIVE_ARCH = YES;
				SDKROOT = iphoneos;
				SWIFT_ACTIVE_COMPILATION_CONDITIONS = DEBUG;
				SWIFT_OPTIMIZATION_LEVEL = "-Onone";
				VERSIONING_SYSTEM = "apple-generic";
				VERSION_INFO_PREFIX = "";
			};
			name = Debug;
		};
		B541E20020586F5900DFE3FF /* Release */ = {
			isa = XCBuildConfiguration;
			buildSettings = {
				ALWAYS_SEARCH_USER_PATHS = NO;
				CLANG_ANALYZER_NONNULL = YES;
				CLANG_ANALYZER_NUMBER_OBJECT_CONVERSION = YES_AGGRESSIVE;
				CLANG_CXX_LANGUAGE_STANDARD = "gnu++14";
				CLANG_CXX_LIBRARY = "libc++";
				CLANG_ENABLE_MODULES = YES;
				CLANG_ENABLE_OBJC_ARC = YES;
				CLANG_WARN_BLOCK_CAPTURE_AUTORELEASING = YES;
				CLANG_WARN_BOOL_CONVERSION = YES;
				CLANG_WARN_COMMA = YES;
				CLANG_WARN_CONSTANT_CONVERSION = YES;
				CLANG_WARN_DIRECT_OBJC_ISA_USAGE = YES_ERROR;
				CLANG_WARN_DOCUMENTATION_COMMENTS = YES;
				CLANG_WARN_EMPTY_BODY = YES;
				CLANG_WARN_ENUM_CONVERSION = YES;
				CLANG_WARN_INFINITE_RECURSION = YES;
				CLANG_WARN_INT_CONVERSION = YES;
				CLANG_WARN_NON_LITERAL_NULL_CONVERSION = YES;
				CLANG_WARN_OBJC_LITERAL_CONVERSION = YES;
				CLANG_WARN_OBJC_ROOT_CLASS = YES_ERROR;
				CLANG_WARN_RANGE_LOOP_ANALYSIS = YES;
				CLANG_WARN_STRICT_PROTOTYPES = YES;
				CLANG_WARN_SUSPICIOUS_MOVE = YES;
				CLANG_WARN_UNGUARDED_AVAILABILITY = YES_AGGRESSIVE;
				CLANG_WARN_UNREACHABLE_CODE = YES;
				CLANG_WARN__DUPLICATE_METHOD_MATCH = YES;
				CODE_SIGN_IDENTITY = "iPhone Developer";
				COPY_PHASE_STRIP = NO;
				CURRENT_PROJECT_VERSION = 1;
				DEBUG_INFORMATION_FORMAT = "dwarf-with-dsym";
				ENABLE_NS_ASSERTIONS = NO;
				ENABLE_STRICT_OBJC_MSGSEND = YES;
				GCC_C_LANGUAGE_STANDARD = gnu11;
				GCC_NO_COMMON_BLOCKS = YES;
				GCC_WARN_64_TO_32_BIT_CONVERSION = YES;
				GCC_WARN_ABOUT_RETURN_TYPE = YES_ERROR;
				GCC_WARN_UNDECLARED_SELECTOR = YES;
				GCC_WARN_UNINITIALIZED_AUTOS = YES_AGGRESSIVE;
				GCC_WARN_UNUSED_FUNCTION = YES;
				GCC_WARN_UNUSED_VARIABLE = YES;
				IPHONEOS_DEPLOYMENT_TARGET = 11.2;
				MTL_ENABLE_DEBUG_INFO = NO;
				SDKROOT = iphoneos;
				SWIFT_OPTIMIZATION_LEVEL = "-Owholemodule";
				VALIDATE_PRODUCT = YES;
				VERSIONING_SYSTEM = "apple-generic";
				VERSION_INFO_PREFIX = "";
			};
			name = Release;
		};
		B541E20220586F5900DFE3FF /* Debug */ = {
			isa = XCBuildConfiguration;
			buildSettings = {
				CODE_SIGN_IDENTITY = "";
				CODE_SIGN_STYLE = Automatic;
				DEFINES_MODULE = YES;
				DEVELOPMENT_TEAM = PZYM8XX95Q;
				DYLIB_COMPATIBILITY_VERSION = 1;
				DYLIB_CURRENT_VERSION = 1;
				DYLIB_INSTALL_NAME_BASE = "@rpath";
				INFOPLIST_FILE = WordPressAuth/Info.plist;
				INSTALL_PATH = "$(LOCAL_LIBRARY_DIR)/Frameworks";
				LD_RUNPATH_SEARCH_PATHS = "$(inherited) @executable_path/Frameworks @loader_path/Frameworks";
				PRODUCT_BUNDLE_IDENTIFIER = com.automattic.WordPressAuth;
				PRODUCT_NAME = "$(TARGET_NAME:c99extidentifier)";
				SKIP_INSTALL = YES;
				SWIFT_VERSION = 4.0;
				TARGETED_DEVICE_FAMILY = "1,2";
			};
			name = Debug;
		};
		B541E20320586F5900DFE3FF /* Release */ = {
			isa = XCBuildConfiguration;
			buildSettings = {
				CODE_SIGN_IDENTITY = "";
				CODE_SIGN_STYLE = Automatic;
				DEFINES_MODULE = YES;
				DEVELOPMENT_TEAM = PZYM8XX95Q;
				DYLIB_COMPATIBILITY_VERSION = 1;
				DYLIB_CURRENT_VERSION = 1;
				DYLIB_INSTALL_NAME_BASE = "@rpath";
				INFOPLIST_FILE = WordPressAuth/Info.plist;
				INSTALL_PATH = "$(LOCAL_LIBRARY_DIR)/Frameworks";
				LD_RUNPATH_SEARCH_PATHS = "$(inherited) @executable_path/Frameworks @loader_path/Frameworks";
				PRODUCT_BUNDLE_IDENTIFIER = com.automattic.WordPressAuth;
				PRODUCT_NAME = "$(TARGET_NAME:c99extidentifier)";
				SKIP_INSTALL = YES;
				SWIFT_VERSION = 4.0;
				TARGETED_DEVICE_FAMILY = "1,2";
			};
			name = Release;
		};
		B541E20520586F5900DFE3FF /* Debug */ = {
			isa = XCBuildConfiguration;
			buildSettings = {
				CODE_SIGN_STYLE = Automatic;
				DEVELOPMENT_TEAM = PZYM8XX95Q;
				INFOPLIST_FILE = WordPressAuthTests/Info.plist;
				LD_RUNPATH_SEARCH_PATHS = "$(inherited) @executable_path/Frameworks @loader_path/Frameworks";
				PRODUCT_BUNDLE_IDENTIFIER = com.automattic.WordPressAuthTests;
				PRODUCT_NAME = "$(TARGET_NAME)";
				SWIFT_VERSION = 4.0;
				TARGETED_DEVICE_FAMILY = "1,2";
			};
			name = Debug;
		};
		B541E20620586F5900DFE3FF /* Release */ = {
			isa = XCBuildConfiguration;
			buildSettings = {
				CODE_SIGN_STYLE = Automatic;
				DEVELOPMENT_TEAM = PZYM8XX95Q;
				INFOPLIST_FILE = WordPressAuthTests/Info.plist;
				LD_RUNPATH_SEARCH_PATHS = "$(inherited) @executable_path/Frameworks @loader_path/Frameworks";
				PRODUCT_BUNDLE_IDENTIFIER = com.automattic.WordPressAuthTests;
				PRODUCT_NAME = "$(TARGET_NAME)";
				SWIFT_VERSION = 4.0;
				TARGETED_DEVICE_FAMILY = "1,2";
			};
			name = Release;
		};
/* End XCBuildConfiguration section */

/* Begin XCConfigurationList section */
		B541E1E720586F5800DFE3FF /* Build configuration list for PBXProject "WordPressAuth" */ = {
			isa = XCConfigurationList;
			buildConfigurations = (
				B541E1FF20586F5900DFE3FF /* Debug */,
				B541E20020586F5900DFE3FF /* Release */,
			);
			defaultConfigurationIsVisible = 0;
			defaultConfigurationName = Release;
		};
		B541E20120586F5900DFE3FF /* Build configuration list for PBXNativeTarget "WordPressAuth" */ = {
			isa = XCConfigurationList;
			buildConfigurations = (
				B541E20220586F5900DFE3FF /* Debug */,
				B541E20320586F5900DFE3FF /* Release */,
			);
			defaultConfigurationIsVisible = 0;
			defaultConfigurationName = Release;
		};
		B541E20420586F5900DFE3FF /* Build configuration list for PBXNativeTarget "WordPressAuthTests" */ = {
			isa = XCConfigurationList;
			buildConfigurations = (
				B541E20520586F5900DFE3FF /* Debug */,
				B541E20620586F5900DFE3FF /* Release */,
			);
			defaultConfigurationIsVisible = 0;
			defaultConfigurationName = Release;
		};
/* End XCConfigurationList section */
	};
	rootObject = B541E1E420586F5800DFE3FF /* Project object */;
}
